PODS:
  - RxBlocking (3.4.0):
    - RxSwift (~> 3.4)
  - RxCocoa (3.4.0):
    - RxSwift (~> 3.4)
  - RxSwift (3.4.0)
  - RxTest (3.4.0):
    - RxSwift (~> 3.4)
  - SwiftUIUtilities (1.4.1):
    - SwiftUIUtilities/Main (= 1.4.1)
    - SwiftUtilities/Main
  - SwiftUIUtilities/Main (1.4.1):
    - SwiftUtilities/Main
  - SwiftUtilities/Main (1.3.9):
    - RxCocoa (~> 3.0)
    - RxSwift (~> 3.0)
  - SwiftUtilitiesTests (1.3.9):
    - RxBlocking (~> 3.0)
    - RxCocoa (~> 3.0)
    - RxSwift (~> 3.0)
    - RxTest (~> 3.0)
    - SwiftUtilitiesTests/Main (= 1.3.9)
  - SwiftUtilitiesTests/Main (1.3.9):
    - RxBlocking (~> 3.0)
    - RxCocoa (~> 3.0)
    - RxSwift (~> 3.0)
    - RxTest (~> 3.0)

DEPENDENCIES:
  - SwiftUIUtilities
  - SwiftUtilitiesTests

SPEC CHECKSUMS:
  RxBlocking: 1797b8c1a3ad7b08965145e6e2294c2e101515aa
  RxCocoa: d14ef6b6029e1ddc6e966508c09289090de68ff9
  RxSwift: 3789a1af753002a14edecdb698a2424624296a9c
  RxTest: beb6beb882cf1dcac5fc9fdbd4760a5254e7f3a6
  SwiftUIUtilities: 3e8b708eda5ed04c92a6f59c43fbaf3a39055d2d
  SwiftUtilities: 8f929973652bbe9df450f1afc2a6bee49b5b2f83
  SwiftUtilitiesTests: 6ae18dd0152acdef56f9b3582a85125f507aefd2

PODFILE CHECKSUM: 80559ffcfa58b3ff197fb1ca051960c5c620bba9

COCOAPODS: 1.2.1
