PODS:
  - RxBlocking (3.4.1):
    - RxSwift (~> 3.4)
  - RxCocoa (3.4.1):
    - RxSwift (~> 3.4)
  - RxSwift (3.4.1)
  - RxTest (3.4.1):
    - RxSwift (~> 3.4)
  - SwiftBaseViews/Main (1.1.7):
    - SwiftUIUtilities/Main
  - SwiftUIUtilities/Main (1.5.8):
    - SwiftUtilities/Main
  - SwiftUIUtilitiesTests/Main (1.5.8):
    - SwiftUtilities/Main
    - SwiftUtilitiesTests/Main
  - SwiftUtilities/Main (1.4.0):
    - RxCocoa (~> 3.0)
    - RxSwift (~> 3.0)
  - SwiftUtilitiesTests/Main (1.4.0):
    - RxBlocking (~> 3.0)
    - RxCocoa (~> 3.0)
    - RxSwift (~> 3.0)
    - RxTest (~> 3.0)

DEPENDENCIES:
  - SwiftBaseViews/Main
  - SwiftUIUtilitiesTests/Main

SPEC CHECKSUMS:
  RxBlocking: 1e8c41cfe7ca2fc0e19d0e616c553845c63cbbd3
  RxCocoa: a8a5f1d061d0043e28f56976829f31ce63e8eb09
  RxSwift: 656f8fbeca5bc372121a72d9ebdd3cd3bc0ffade
  RxTest: a6fd6e4069face7c6488f96f6c42296b3e44db48
  SwiftBaseViews: e069c90a96d9634977185f51da030da02ba900b5
  SwiftUIUtilities: ef3d39305282b609185102a812df5ab410424334
  SwiftUIUtilitiesTests: 63a203a33d3187b72a64ff6fdb80a872c32266e1
  SwiftUtilities: a006686fcd793e828c3130295f3f0f30409cd8d6
  SwiftUtilitiesTests: 1d56cc2d948f8a1f7329e8d5f2d318e8e86014c9

PODFILE CHECKSUM: 92b7ad171ca8d7921474be9a59c98f9e41bcab9a

COCOAPODS: 1.2.1
